# THIS IS AN AUTOGENERATED FILE. DO NOT EDIT THIS FILE DIRECTLY.
# yarn lockfile v1


"@angular/animations@^4.1.2":
  version "4.1.2"
  resolved "https://registry.yarnpkg.com/@angular/animations/-/animations-4.1.2.tgz#3371596e736b7d240e200477d0dd8c5929352124"

"@angular/common@^4.1.2":
  version "4.1.2"
  resolved "https://registry.yarnpkg.com/@angular/common/-/common-4.1.2.tgz#8f6d0496c204210bfe255feb437a72253f06984d"

"@angular/compiler-cli@^4.1.2":
  version "4.1.2"
  resolved "https://registry.yarnpkg.com/@angular/compiler-cli/-/compiler-cli-4.1.2.tgz#b65ba8980330c048702aed242a956daf0251f02a"
  dependencies:
    "@angular/tsc-wrapped" "4.1.2"
    minimist "^1.2.0"
    reflect-metadata "^0.1.2"

"@angular/compiler@^4.1.2":
  version "4.1.2"
  resolved "https://registry.yarnpkg.com/@angular/compiler/-/compiler-4.1.2.tgz#09542381162fd8dd962d84559498ce69a05071ea"

"@angular/forms@^4.1.2":
  version "4.1.2"
  resolved "https://registry.yarnpkg.com/@angular/forms/-/forms-4.1.2.tgz#82983e9ec5d0833e7ae14beb8e47dd357c88f490"

"@angular/http@^4.1.2":
  version "4.1.2"
  resolved "https://registry.yarnpkg.com/@angular/http/-/http-4.1.2.tgz#fc378c3330c0410e1fb8aac2546329a6887776e4"

"@angular/platform-browser-dynamic@^4.1.2":
  version "4.1.2"
  resolved "https://registry.yarnpkg.com/@angular/platform-browser-dynamic/-/platform-browser-dynamic-4.1.2.tgz#d241c61792c794bec627ab64b31a66bea22abb9f"

"@angular/platform-browser@^4.1.2":
  version "4.1.2"
  resolved "https://registry.yarnpkg.com/@angular/platform-browser/-/platform-browser-4.1.2.tgz#16e50a8f75b4d675c9e2903e499e0fe4c6a125ac"

"@angular/platform-server@^4.1.2":
  version "4.1.2"
  resolved "https://registry.yarnpkg.com/@angular/platform-server/-/platform-server-4.1.2.tgz#3ef2206a59fd2d138d267aad101a50d3d806e39c"
  dependencies:
    parse5 "^3.0.1"
    xhr2 "^0.1.4"

"@angular/router@^4.1.2":
  version "4.1.2"
  resolved "https://registry.yarnpkg.com/@angular/router/-/router-4.1.2.tgz#31b1b126fec2e1c32f4557ef8eb605536adccb27"

"@angular/tsc-wrapped@4.1.2":
  version "4.1.2"
  resolved "https://registry.yarnpkg.com/@angular/tsc-wrapped/-/tsc-wrapped-4.1.2.tgz#26cb145a67b9b80f5dda7874c4f0b1f1e173927d"
  dependencies:
    tsickle "^0.21.0"

"@angular/upgrade@^4.1.2":
  version "4.1.2"
  resolved "https://registry.yarnpkg.com/@angular/upgrade/-/upgrade-4.1.2.tgz#fa274f6620e9666d05405dc0598f1ca8bb11ffee"

"@types/node@^6.0.46":
  version "6.0.73"
  resolved "https://registry.yarnpkg.com/@types/node/-/node-6.0.73.tgz#85dc4bb6f125377c75ddd2519a1eeb63f0a4ed70"

core-js@^2.4.1:
  version "2.4.1"
  resolved "https://registry.yarnpkg.com/core-js/-/core-js-2.4.1.tgz#4de911e667b0eae9124e34254b53aea6fc618d3e"

minimist@0.0.8:
  version "0.0.8"
  resolved "https://registry.yarnpkg.com/minimist/-/minimist-0.0.8.tgz#857fcabfc3397d2625b8228262e86aa7a011b05d"

minimist@^1.2.0:
  version "1.2.0"
  resolved "https://registry.yarnpkg.com/minimist/-/minimist-1.2.0.tgz#a35008b20f41383eec1fb914f4cd5df79a264284"

mkdirp@^0.5.1:
  version "0.5.1"
  resolved "https://registry.yarnpkg.com/mkdirp/-/mkdirp-0.5.1.tgz#30057438eac6cf7f8c4767f38648d6697d75c903"
  dependencies:
    minimist "0.0.8"

parse5@^3.0.1:
  version "3.0.2"
  resolved "https://registry.yarnpkg.com/parse5/-/parse5-3.0.2.tgz#05eff57f0ef4577fb144a79f8b9a967a6cc44510"
  dependencies:
    "@types/node" "^6.0.46"

reflect-metadata@^0.1.2:
  version "0.1.10"
  resolved "https://registry.yarnpkg.com/reflect-metadata/-/reflect-metadata-0.1.10.tgz#b4f83704416acad89988c9b15635d47e03b9344a"

source-map-support@^0.4.2:
  version "0.4.15"
  resolved "https://registry.yarnpkg.com/source-map-support/-/source-map-support-0.4.15.tgz#03202df65c06d2bd8c7ec2362a193056fef8d3b1"
  dependencies:
    source-map "^0.5.6"

source-map@^0.5.6:
  version "0.5.6"
  resolved "https://registry.yarnpkg.com/source-map/-/source-map-0.5.6.tgz#75ce38f52bf0733c5a7f0c118d81334a2bb5f412"

tsickle@^0.21.0:
  version "0.21.6"
  resolved "https://registry.yarnpkg.com/tsickle/-/tsickle-0.21.6.tgz#53b01b979c5c13fdb13afb3fb958177e5991588d"
  dependencies:
    minimist "^1.2.0"
    mkdirp "^0.5.1"
    source-map "^0.5.6"
    source-map-support "^0.4.2"

xhr2@^0.1.4:
  version "0.1.4"
  resolved "https://registry.yarnpkg.com/xhr2/-/xhr2-0.1.4.tgz#7f87658847716db5026323812f818cadab387a5f"

zone.js@^0.8.10:
  version "0.8.10"
  resolved "https://registry.yarnpkg.com/zone.js/-/zone.js-0.8.10.tgz#6d1b696492c029cdbe808e59e87bbd9491b98aa8"
